
Microsoft Visual Studio Solution File, Format Version 12.00
# Visual Studio Version 17
VisualStudioVersion = 17.12.35707.178 d17.12
MinimumVisualStudioVersion = 10.0.40219.1
Project("{FAE04EC0-301F-11D3-BF4B-00C04F79EFBC}") = "TaskBoard.AuthService", "TaskBoard.AuthService\TaskBoard.AuthService.csproj", "{6CB1089A-D1B8-4C2E-99D0-693A37314C85}"
EndProject
Project("{FAE04EC0-301F-11D3-BF4B-00C04F79EFBC}") = "Taskboard.TaskService", "Taskboard.askService\Taskboard.TaskService.csproj", "{E1F0781A-01FD-4E2D-A846-441485567077}"
EndProject
Global
	GlobalSection(SolutionConfigurationPlatforms) = preSolution
		Debug|Any CPU = Debug|Any CPU
		Release|Any CPU = Release|Any CPU
	EndGlobalSection
	GlobalSection(ProjectConfigurationPlatforms) = postSolution
		{6CB1089A-D1B8-4C2E-99D0-693A37314C85}.Debug|Any CPU.ActiveCfg = Debug|Any CPU
		{6CB1089A-D1B8-4C2E-99D0-693A37314C85}.Debug|Any CPU.Build.0 = Debug|Any CPU
		{6CB1089A-D1B8-4C2E-99D0-693A37314C85}.Release|Any CPU.ActiveCfg = Release|Any CPU
		{6CB1089A-D1B8-4C2E-99D0-693A37314C85}.Release|Any CPU.Build.0 = Release|Any CPU
		{E1F0781A-01FD-4E2D-A846-441485567077}.Debug|Any CPU.ActiveCfg = Debug|Any CPU
		{E1F0781A-01FD-4E2D-A846-441485567077}.Debug|Any CPU.Build.0 = Debug|Any CPU
		{E1F0781A-01FD-4E2D-A846-441485567077}.Release|Any CPU.ActiveCfg = Release|Any CPU
		{E1F0781A-01FD-4E2D-A846-441485567077}.Release|Any CPU.Build.0 = Release|Any CPU
	EndGlobalSection
	GlobalSection(SolutionProperties) = preSolution
		HideSolutionNode = FALSE
	EndGlobalSection
EndGlobal
